
Microsoft Visual Studio Solution File, Format Version 12.00
# Visual Studio Version 17
VisualStudioVersion = 17.5.33502.453
MinimumVisualStudioVersion = 10.0.40219.1
Project("{FAE04EC0-301F-11D3-BF4B-00C04F79EFBC}") = "ReflectionVisualizer", "ReflectionVisualizer\ReflectionVisualizer.csproj", "{D12690CA-9DC9-4D1C-9B75-17301FFC9883}"
EndProject
Project("{FAE04EC0-301F-11D3-BF4B-00C04F79EFBC}") = "MyTestConsole", "MyTestConsole\MyTestConsole.csproj", "{CFAD0407-0CD3-4816-8E30-006E905C8EFE}"
EndProject
Global
	GlobalSection(SolutionConfigurationPlatforms) = preSolution
		Debug|Any CPU = Debug|Any CPU
		Release|Any CPU = Release|Any CPU
	EndGlobalSection
	GlobalSection(ProjectConfigurationPlatforms) = postSolution
		{D12690CA-9DC9-4D1C-9B75-17301FFC9883}.Debug|Any CPU.ActiveCfg = Debug|Any CPU
		{D12690CA-9DC9-4D1C-9B75-17301FFC9883}.Debug|Any CPU.Build.0 = Debug|Any CPU
		{D12690CA-9DC9-4D1C-9B75-17301FFC9883}.Release|Any CPU.ActiveCfg = Release|Any CPU
		{D12690CA-9DC9-4D1C-9B75-17301FFC9883}.Release|Any CPU.Build.0 = Release|Any CPU
		{CFAD0407-0CD3-4816-8E30-006E905C8EFE}.Debug|Any CPU.ActiveCfg = Debug|Any CPU
		{CFAD0407-0CD3-4816-8E30-006E905C8EFE}.Debug|Any CPU.Build.0 = Debug|Any CPU
		{CFAD0407-0CD3-4816-8E30-006E905C8EFE}.Release|Any CPU.ActiveCfg = Release|Any CPU
		{CFAD0407-0CD3-4816-8E30-006E905C8EFE}.Release|Any CPU.Build.0 = Release|Any CPU
	EndGlobalSection
	GlobalSection(SolutionProperties) = preSolution
		HideSolutionNode = FALSE
	EndGlobalSection
	GlobalSection(ExtensibilityGlobals) = postSolution
		SolutionGuid = {CA8E1FE1-92AE-48F2-A0A6-022254EE5D87}
	EndGlobalSection
EndGlobal
